github.com/abduelhamit/DiyanetAwqatSalahAPI v0.0.0-20251226202958-3093409e5349 h1:JPodr+uLQWJ3l8L/JFunirv5ET7ozrkGBHXDksYtvXo=
github.com/abduelhamit/DiyanetAwqatSalahAPI v0.0.0-20251226202958-3093409e5349/go.mod h1:5jwHw+mPnf41Bn8BjYfNtlqkoMDbtUDqZ3GewcDWRpI=
golang.org/x/oauth2 v0.34.0 h1:hqK/t4AKgbqWkdkcAeI8XLmbK+4m4G5YeQRrmiotGlw=
golang.org/x/oauth2 v0.34.0/go.mod h1:lzm5WQJQwKZ3nwavOZ3IS5Aulzxi68dUSgRHujetwEA=
